
Microsoft Visual Studio Solution File, Format Version 12.00
# Visual Studio 15
VisualStudioVersion = 15.0.28307.572
MinimumVisualStudioVersion = 10.0.40219.1
Project("{9A19103F-16F7-4668-BE54-9A1E7A4F7556}") = "AirConditioner.Web", "AirConditioner.Web\AirConditioner.Web.csproj", "{6450750D-13B5-49B7-970C-2076D3A2D3C9}"
EndProject
Project("{9A19103F-16F7-4668-BE54-9A1E7A4F7556}") = "AirConditioner.Core", "AirConditioner.Core\AirConditioner.Core.csproj", "{D9552259-E28E-48E6-B67A-B32FD795031C}"
EndProject
Project("{9A19103F-16F7-4668-BE54-9A1E7A4F7556}") = "AirConditioner.Data", "AirConditioner.Data\AirConditioner.Data.csproj", "{6755695F-A1F0-4D41-853B-4699D58513FE}"
EndProject
Project("{9A19103F-16F7-4668-BE54-9A1E7A4F7556}") = "AirConditioner.Application", "AirConditioner.Application\AirConditioner.Application.csproj", "{01C32997-215B-4BE3-A04B-7F14CE219E36}"
EndProject
Project("{9A19103F-16F7-4668-BE54-9A1E7A4F7556}") = "AirConditioner.Application.DependencyInjection", "AirConditioner.Application.DependencyInjection\AirConditioner.Application.DependencyInjection.csproj", "{6D0E90AB-4F00-4FB3-A822-559281C1D58D}"
EndProject
Project("{FAE04EC0-301F-11D3-BF4B-00C04F79EFBC}") = "AirConditioner.Helper", "AirConditioner.Helper\AirConditioner.Helper.csproj", "{155578D3-768D-4825-9DD4-3C82FF6CD67E}"
EndProject
Global
	GlobalSection(SolutionConfigurationPlatforms) = preSolution
		Debug|Any CPU = Debug|Any CPU
		Release|Any CPU = Release|Any CPU
	EndGlobalSection
	GlobalSection(ProjectConfigurationPlatforms) = postSolution
		{6450750D-13B5-49B7-970C-2076D3A2D3C9}.Debug|Any CPU.ActiveCfg = Debug|Any CPU
		{6450750D-13B5-49B7-970C-2076D3A2D3C9}.Debug|Any CPU.Build.0 = Debug|Any CPU
		{6450750D-13B5-49B7-970C-2076D3A2D3C9}.Release|Any CPU.ActiveCfg = Release|Any CPU
		{6450750D-13B5-49B7-970C-2076D3A2D3C9}.Release|Any CPU.Build.0 = Release|Any CPU
		{D9552259-E28E-48E6-B67A-B32FD795031C}.Debug|Any CPU.ActiveCfg = Debug|Any CPU
		{D9552259-E28E-48E6-B67A-B32FD795031C}.Debug|Any CPU.Build.0 = Debug|Any CPU
		{D9552259-E28E-48E6-B67A-B32FD795031C}.Release|Any CPU.ActiveCfg = Release|Any CPU
		{D9552259-E28E-48E6-B67A-B32FD795031C}.Release|Any CPU.Build.0 = Release|Any CPU
		{6755695F-A1F0-4D41-853B-4699D58513FE}.Debug|Any CPU.ActiveCfg = Debug|Any CPU
		{6755695F-A1F0-4D41-853B-4699D58513FE}.Debug|Any CPU.Build.0 = Debug|Any CPU
		{6755695F-A1F0-4D41-853B-4699D58513FE}.Release|Any CPU.ActiveCfg = Release|Any CPU
		{6755695F-A1F0-4D41-853B-4699D58513FE}.Release|Any CPU.Build.0 = Release|Any CPU
		{01C32997-215B-4BE3-A04B-7F14CE219E36}.Debug|Any CPU.ActiveCfg = Debug|Any CPU
		{01C32997-215B-4BE3-A04B-7F14CE219E36}.Debug|Any CPU.Build.0 = Debug|Any CPU
		{01C32997-215B-4BE3-A04B-7F14CE219E36}.Release|Any CPU.ActiveCfg = Release|Any CPU
		{01C32997-215B-4BE3-A04B-7F14CE219E36}.Release|Any CPU.Build.0 = Release|Any CPU
		{6D0E90AB-4F00-4FB3-A822-559281C1D58D}.Debug|Any CPU.ActiveCfg = Debug|Any CPU
		{6D0E90AB-4F00-4FB3-A822-559281C1D58D}.Debug|Any CPU.Build.0 = Debug|Any CPU
		{6D0E90AB-4F00-4FB3-A822-559281C1D58D}.Release|Any CPU.ActiveCfg = Release|Any CPU
		{6D0E90AB-4F00-4FB3-A822-559281C1D58D}.Release|Any CPU.Build.0 = Release|Any CPU
		{155578D3-768D-4825-9DD4-3C82FF6CD67E}.Debug|Any CPU.ActiveCfg = Debug|Any CPU
		{155578D3-768D-4825-9DD4-3C82FF6CD67E}.Debug|Any CPU.Build.0 = Debug|Any CPU
		{155578D3-768D-4825-9DD4-3C82FF6CD67E}.Release|Any CPU.ActiveCfg = Release|Any CPU
		{155578D3-768D-4825-9DD4-3C82FF6CD67E}.Release|Any CPU.Build.0 = Release|Any CPU
	EndGlobalSection
	GlobalSection(SolutionProperties) = preSolution
		HideSolutionNode = FALSE
	EndGlobalSection
	GlobalSection(ExtensibilityGlobals) = postSolution
		SolutionGuid = {7F382105-88B5-48FE-80E2-E09BF60DA3A4}
	EndGlobalSection
EndGlobal
